
Microsoft Visual Studio Solution File, Format Version 12.00
# Visual Studio Version 17
VisualStudioVersion = 17.3.32819.101
MinimumVisualStudioVersion = 10.0.40219.1
Project("{FAE04EC0-301F-11D3-BF4B-00C04F79EFBC}") = "Sinoy_FuzzyLogic", "Sinoy_FuzzyLogic.csproj", "{0895AF68-FED0-418D-A5EE-C86CC2E1A50F}"
EndProject
Global
	GlobalSection(SolutionConfigurationPlatforms) = preSolution
		Debug|Any CPU = Debug|Any CPU
		Release|Any CPU = Release|Any CPU
	EndGlobalSection
	GlobalSection(ProjectConfigurationPlatforms) = postSolution
		{0895AF68-FED0-418D-A5EE-C86CC2E1A50F}.Debug|Any CPU.ActiveCfg = Debug|Any CPU
		{0895AF68-FED0-418D-A5EE-C86CC2E1A50F}.Debug|Any CPU.Build.0 = Debug|Any CPU
		{0895AF68-FED0-418D-A5EE-C86CC2E1A50F}.Release|Any CPU.ActiveCfg = Release|Any CPU
		{0895AF68-FED0-418D-A5EE-C86CC2E1A50F}.Release|Any CPU.Build.0 = Release|Any CPU
	EndGlobalSection
	GlobalSection(SolutionProperties) = preSolution
		HideSolutionNode = FALSE
	EndGlobalSection
	GlobalSection(ExtensibilityGlobals) = postSolution
		SolutionGuid = {EA82C685-35DE-49D8-A942-5F8057406371}
	EndGlobalSection
EndGlobal
